// !$*UTF8*$!
{
	archiveVersion = 1;
	classes = {
	};
	objectVersion = 55;
	objects = {

/* Begin PBXBuildFile section */
		9662899628783B6600342EA3 /* AppDelegate.m in Sources */ = {isa = PBXBuildFile; fileRef = 9662899528783B6600342EA3 /* AppDelegate.m */; };
		9662899928783B6600342EA3 /* SceneDelegate.m in Sources */ = {isa = PBXBuildFile; fileRef = 9662899828783B6600342EA3 /* SceneDelegate.m */; };
		9662899C28783B6600342EA3 /* ViewController.m in Sources */ = {isa = PBXBuildFile; fileRef = 9662899B28783B6600342EA3 /* ViewController.m */; };
		9662899F28783B6600342EA3 /* Main.storyboard in Resources */ = {isa = PBXBuildFile; fileRef = 9662899D28783B6600342EA3 /* Main.storyboard */; };
		966289A128783B6600342EA3 /* Assets.xcassets in Resources */ = {isa = PBXBuildFile; fileRef = 966289A028783B6600342EA3 /* Assets.xcassets */; };
		966289A428783B6600342EA3 /* LaunchScreen.storyboard in Resources */ = {isa = PBXBuildFile; fileRef = 966289A228783B6600342EA3 /* LaunchScreen.storyboard */; };
		966289A728783B6600342EA3 /* main.m in Sources */ = {isa = PBXBuildFile; fileRef = 966289A628783B6600342EA3 /* main.m */; };
		966289B128783B6600342EA3 /* CCOperationQueueDemoTests.m in Sources */ = {isa = PBXBuildFile; fileRef = 966289B028783B6600342EA3 /* CCOperationQueueDemoTests.m */; };
		966289BB28783B6600342EA3 /* CCOperationQueueDemoUITests.m in Sources */ = {isa = PBXBuildFile; fileRef = 966289BA28783B6600342EA3 /* CCOperationQueueDemoUITests.m */; };
		966289BD28783B6600342EA3 /* CCOperationQueueDemoUITestsLaunchTests.m in Sources */ = {isa = PBXBuildFile; fileRef = 966289BC28783B6600342EA3 /* CCOperationQueueDemoUITestsLaunchTests.m */; };
/* End PBXBuildFile section */

/* Begin PBXContainerItemProxy section */
		966289AD28783B6600342EA3 /* PBXContainerItemProxy */ = {
			isa = PBXContainerItemProxy;
			containerPortal = 9662898928783B6600342EA3 /* Project object */;
			proxyType = 1;
			remoteGlobalIDString = 9662899028783B6600342EA3;
			remoteInfo = CCOperationQueueDemo;
		};
		966289B728783B6600342EA3 /* PBXContainerItemProxy */ = {
			isa = PBXContainerItemProxy;
			containerPortal = 9662898928783B6600342EA3 /* Project object */;
			proxyType = 1;
			remoteGlobalIDString = 9662899028783B6600342EA3;
			remoteInfo = CCOperationQueueDemo;
		};
/* End PBXContainerItemProxy section */

/* Begin PBXFileReference section */
		9662899128783B6600342EA3 /* CCOperationQueueDemo.app */ = {isa = PBXFileReference; explicitFileType = wrapper.application; includeInIndex = 0; path = CCOperationQueueDemo.app; sourceTree = BUILT_PRODUCTS_DIR; };
		9662899428783B6600342EA3 /* AppDelegate.h */ = {isa = PBXFileReference; lastKnownFileType = sourcecode.c.h; path = AppDelegate.h; sourceTree = "<group>"; };
		9662899528783B6600342EA3 /* AppDelegate.m */ = {isa = PBXFileReference; lastKnownFileType = sourcecode.c.objc; path = AppDelegate.m; sourceTree = "<group>"; };
		9662899728783B6600342EA3 /* SceneDelegate.h */ = {isa = PBXFileReference; lastKnownFileType = sourcecode.c.h; path = SceneDelegate.h; sourceTree = "<group>"; };
		9662899828783B6600342EA3 /* SceneDelegate.m */ = {isa = PBXFileReference; lastKnownFileType = sourcecode.c.objc; path = SceneDelegate.m; sourceTree = "<group>"; };
		9662899A28783B6600342EA3 /* ViewController.h */ = {isa = PBXFileReference; lastKnownFileType = sourcecode.c.h; path = ViewController.h; sourceTree = "<group>"; };
		9662899B28783B6600342EA3 /* ViewController.m */ = {isa = PBXFileReference; lastKnownFileType = sourcecode.c.objc; path = ViewController.m; sourceTree = "<group>"; };
		9662899E28783B6600342EA3 /* Base */ = {isa = PBXFileReference; lastKnownFileType = file.storyboard; name = Base; path = Base.lproj/Main.storyboard; sourceTree = "<group>"; };
		966289A028783B6600342EA3 /* Assets.xcassets */ = {isa = PBXFileReference; lastKnownFileType = folder.assetcatalog; path = Assets.xcassets; sourceTree = "<group>"; };
		966289A328783B6600342EA3 /* Base */ = {isa = PBXFileReference; lastKnownFileType = file.storyboard; name = Base; path = Base.lproj/LaunchScreen.storyboard; sourceTree = "<group>"; };
		966289A528783B6600342EA3 /* Info.plist */ = {isa = PBXFileReference; lastKnownFileType = text.plist.xml; path = Info.plist; sourceTree = "<group>"; };
		966289A628783B6600342EA3 /* main.m */ = {isa = PBXFileReference; lastKnownFileType = sourcecode.c.objc; path = main.m; sourceTree = "<group>"; };
		966289AC28783B6600342EA3 /* CCOperationQueueDemoTests.xctest */ = {isa = PBXFileReference; explicitFileType = wrapper.cfbundle; includeInIndex = 0; path = CCOperationQueueDemoTests.xctest; sourceTree = BUILT_PRODUCTS_DIR; };
		966289B028783B6600342EA3 /* CCOperationQueueDemoTests.m */ = {isa = PBXFileReference; lastKnownFileType = sourcecode.c.objc; path = CCOperationQueueDemoTests.m; sourceTree = "<group>"; };
		966289B628783B6600342EA3 /* CCOperationQueueDemoUITests.xctest */ = {isa = PBXFileReference; explicitFileType = wrapper.cfbundle; includeInIndex = 0; path = CCOperationQueueDemoUITests.xctest; sourceTree = BUILT_PRODUCTS_DIR; };
		966289BA28783B6600342EA3 /* CCOperationQueueDemoUITests.m */ = {isa = PBXFileReference; lastKnownFileType = sourcecode.c.objc; path = CCOperationQueueDemoUITests.m; sourceTree = "<group>"; };
		966289BC28783B6600342EA3 /* CCOperationQueueDemoUITestsLaunchTests.m */ = {isa = PBXFileReference; lastKnownFileType = sourcecode.c.objc; path = CCOperationQueueDemoUITestsLaunchTests.m; sourceTree = "<group>"; };
/* End PBXFileReference section */

/* Begin PBXFrameworksBuildPhase section */
		9662898E28783B6600342EA3 /* Frameworks */ = {
			isa = PBXFrameworksBuildPhase;
			buildActionMask = 2147483647;
			files = (
			);
			runOnlyForDeploymentPostprocessing = 0;
		};
		966289A928783B6600342EA3 /* Frameworks */ = {
			isa = PBXFrameworksBuildPhase;
			buildActionMask = 2147483647;
			files = (
			);
			runOnlyForDeploymentPostprocessing = 0;
		};
		966289B328783B6600342EA3 /* Frameworks */ = {
			isa = PBXFrameworksBuildPhase;
			buildActionMask = 2147483647;
			files = (
			);
			runOnlyForDeploymentPostprocessing = 0;
		};
/* End PBXFrameworksBuildPhase section */

/* Begin PBXGroup section */
		9662898828783B6600342EA3 = {
			isa = PBXGroup;
			children = (
				9662899328783B6600342EA3 /* CCOperationQueueDemo */,
				966289AF28783B6600342EA3 /* CCOperationQueueDemoTests */,
				966289B928783B6600342EA3 /* CCOperationQueueDemoUITests */,
				9662899228783B6600342EA3 /* Products */,
			);
			sourceTree = "<group>";
		};
		9662899228783B6600342EA3 /* Products */ = {
			isa = PBXGroup;
			children = (
				9662899128783B6600342EA3 /* CCOperationQueueDemo.app */,
				966289AC28783B6600342EA3 /* CCOperationQueueDemoTests.xctest */,
				966289B628783B6600342EA3 /* CCOperationQueueDemoUITests.xctest */,
			);
			name = Products;
			sourceTree = "<group>";
		};
		9662899328783B6600342EA3 /* CCOperationQueueDemo */ = {
			isa = PBXGroup;
			children = (
				9662899428783B6600342EA3 /* AppDelegate.h */,
				9662899528783B6600342EA3 /* AppDelegate.m */,
				9662899728783B6600342EA3 /* SceneDelegate.h */,
				9662899828783B6600342EA3 /* SceneDelegate.m */,
				9662899A28783B6600342EA3 /* ViewController.h */,
				9662899B28783B6600342EA3 /* ViewController.m */,
				9662899D28783B6600342EA3 /* Main.storyboard */,
				966289A028783B6600342EA3 /* Assets.xcassets */,
				966289A228783B6600342EA3 /* LaunchScreen.storyboard */,
				966289A528783B6600342EA3 /* Info.plist */,
				966289A628783B6600342EA3 /* main.m */,
			);
			path = CCOperationQueueDemo;
			sourceTree = "<group>";
		};
		966289AF28783B6600342EA3 /* CCOperationQueueDemoTests */ = {
			isa = PBXGroup;
			children = (
				966289B028783B6600342EA3 /* CCOperationQueueDemoTests.m */,
			);
			path = CCOperationQueueDemoTests;
			sourceTree = "<group>";
		};
		966289B928783B6600342EA3 /* CCOperationQueueDemoUITests */ = {
			isa = PBXGroup;
			children = (
				966289BA28783B6600342EA3 /* CCOperationQueueDemoUITests.m */,
				966289BC28783B6600342EA3 /* CCOperationQueueDemoUITestsLaunchTests.m */,
			);
			path = CCOperationQueueDemoUITests;
			sourceTree = "<group>";
		};
/* End PBXGroup section */

/* Begin PBXNativeTarget section */
		9662899028783B6600342EA3 /* CCOperationQueueDemo */ = {
			isa = PBXNativeTarget;
			buildConfigurationList = 966289C028783B6600342EA3 /* Build configuration list for PBXNativeTarget "CCOperationQueueDemo" */;
			buildPhases = (
				9662898D28783B6600342EA3 /* Sources */,
				9662898E28783B6600342EA3 /* Frameworks */,
				9662898F28783B6600342EA3 /* Resources */,
			);
			buildRules = (
			);
			dependencies = (
			);
			name = CCOperationQueueDemo;
			productName = CCOperationQueueDemo;
			productReference = 9662899128783B6600342EA3 /* CCOperationQueueDemo.app */;
			productType = "com.apple.product-type.application";
		};
		966289AB28783B6600342EA3 /* CCOperationQueueDemoTests */ = {
			isa = PBXNativeTarget;
			buildConfigurationList = 966289C328783B6600342EA3 /* Build configuration list for PBXNativeTarget "CCOperationQueueDemoTests" */;
			buildPhases = (
				966289A828783B6600342EA3 /* Sources */,
				966289A928783B6600342EA3 /* Frameworks */,
				966289AA28783B6600342EA3 /* Resources */,
			);
			buildRules = (
			);
			dependencies = (
				966289AE28783B6600342EA3 /* PBXTargetDependency */,
			);
			name = CCOperationQueueDemoTests;
			productName = CCOperationQueueDemoTests;
			productReference = 966289AC28783B6600342EA3 /* CCOperationQueueDemoTests.xctest */;
			productType = "com.apple.product-type.bundle.unit-test";
		};
		966289B528783B6600342EA3 /* CCOperationQueueDemoUITests */ = {
			isa = PBXNativeTarget;
			buildConfigurationList = 966289C628783B6600342EA3 /* Build configuration list for PBXNativeTarget "CCOperationQueueDemoUITests" */;
			buildPhases = (
				966289B228783B6600342EA3 /* Sources */,
				966289B328783B6600342EA3 /* Frameworks */,
				966289B428783B6600342EA3 /* Resources */,
			);
			buildRules = (
			);
			dependencies = (
				966289B828783B6600342EA3 /* PBXTargetDependency */,
			);
			name = CCOperationQueueDemoUITests;
			productName = CCOperationQueueDemoUITests;
			productReference = 966289B628783B6600342EA3 /* CCOperationQueueDemoUITests.xctest */;
			productType = "com.apple.product-type.bundle.ui-testing";
		};
/* End PBXNativeTarget section */

/* Begin PBXProject section */
		9662898928783B6600342EA3 /* Project object */ = {
			isa = PBXProject;
			attributes = {
				BuildIndependentTargetsInParallel = 1;
				LastUpgradeCheck = 1340;
				TargetAttributes = {
					9662899028783B6600342EA3 = {
						CreatedOnToolsVersion = 13.4.1;
					};
					966289AB28783B6600342EA3 = {
						CreatedOnToolsVersion = 13.4.1;
						TestTargetID = 9662899028783B6600342EA3;
					};
					966289B528783B6600342EA3 = {
						CreatedOnToolsVersion = 13.4.1;
						TestTargetID = 9662899028783B6600342EA3;
					};
				};
			};
			buildConfigurationList = 9662898C28783B6600342EA3 /* Build configuration list for PBXProject "CCOperationQueueDemo" */;
			compatibilityVersion = "Xcode 13.0";
			developmentRegion = en;
			hasScannedForEncodings = 0;
			knownRegions = (
				en,
				Base,
			);
			mainGroup = 9662898828783B6600342EA3;
			productRefGroup = 9662899228783B6600342EA3 /* Products */;
			projectDirPath = "";
			projectRoot = "";
			targets = (
				9662899028783B6600342EA3 /* CCOperationQueueDemo */,
				966289AB28783B6600342EA3 /* CCOperationQueueDemoTests */,
				966289B528783B6600342EA3 /* CCOperationQueueDemoUITests */,
			);
		};
/* End PBXProject section */

/* Begin PBXResourcesBuildPhase section */
		9662898F28783B6600342EA3 /* Resources */ = {
			isa = PBXResourcesBuildPhase;
			buildActionMask = 2147483647;
			files = (
				966289A428783B6600342EA3 /* LaunchScreen.storyboard in Resources */,
				966289A128783B6600342EA3 /* Assets.xcassets in Resources */,
				9662899F28783B6600342EA3 /* Main.storyboard in Resources */,
			);
			runOnlyForDeploymentPostprocessing = 0;
		};
		966289AA28783B6600342EA3 /* Resources */ = {
			isa = PBXResourcesBuildPhase;
			buildActionMask = 2147483647;
			files = (
			);
			runOnlyForDeploymentPostprocessing = 0;
		};
		966289B428783B6600342EA3 /* Resources */ = {
			isa = PBXResourcesBuildPhase;
			buildActionMask = 2147483647;
			files = (
			);
			runOnlyForDeploymentPostprocessing = 0;
		};
/* End PBXResourcesBuildPhase section */

/* Begin PBXSourcesBuildPhase section */
		9662898D28783B6600342EA3 /* Sources */ = {
			isa = PBXSourcesBuildPhase;
			buildActionMask = 2147483647;
			files = (
				9662899C28783B6600342EA3 /* ViewController.m in Sources */,
				9662899628783B6600342EA3 /* AppDelegate.m in Sources */,
				966289A728783B6600342EA3 /* main.m in Sources */,
				9662899928783B6600342EA3 /* SceneDelegate.m in Sources */,
			);
			runOnlyForDeploymentPostprocessing = 0;
		};
		966289A828783B6600342EA3 /* Sources */ = {
			isa = PBXSourcesBuildPhase;
			buildActionMask = 2147483647;
			files = (
				966289B128783B6600342EA3 /* CCOperationQueueDemoTests.m in Sources */,
			);
			runOnlyForDeploymentPostprocessing = 0;
		};
		966289B228783B6600342EA3 /* Sources */ = {
			isa = PBXSourcesBuildPhase;
			buildActionMask = 2147483647;
			files = (
				966289BB28783B6600342EA3 /* CCOperationQueueDemoUITests.m in Sources */,
				966289BD28783B6600342EA3 /* CCOperationQueueDemoUITestsLaunchTests.m in Sources */,
			);
			runOnlyForDeploymentPostprocessing = 0;
		};
/* End PBXSourcesBuildPhase section */

/* Begin PBXTargetDependency section */
		966289AE28783B6600342EA3 /* PBXTargetDependency */ = {
			isa = PBXTargetDependency;
			target = 9662899028783B6600342EA3 /* CCOperationQueueDemo */;
			targetProxy = 966289AD28783B6600342EA3 /* PBXContainerItemProxy */;
		};
		966289B828783B6600342EA3 /* PBXTargetDependency */ = {
			isa = PBXTargetDependency;
			target = 9662899028783B6600342EA3 /* CCOperationQueueDemo */;
			targetProxy = 966289B728783B6600342EA3 /* PBXContainerItemProxy */;
		};
/* End PBXTargetDependency section */

/* Begin PBXVariantGroup section */
		9662899D28783B6600342EA3 /* Main.storyboard */ = {
			isa = PBXVariantGroup;
			children = (
				9662899E28783B6600342EA3 /* Base */,
			);
			name = Main.storyboard;
			sourceTree = "<group>";
		};
		966289A228783B6600342EA3 /* LaunchScreen.storyboard */ = {
			isa = PBXVariantGroup;
			children = (
				966289A328783B6600342EA3 /* Base */,
			);
			name = LaunchScreen.storyboard;
			sourceTree = "<group>";
		};
/* End PBXVariantGroup section */

/* Begin XCBuildConfiguration section */
		966289BE28783B6600342EA3 /* Debug */ = {
			isa = XCBuildConfiguration;
			buildSettings = {
				ALWAYS_SEARCH_USER_PATHS = NO;
				CLANG_ANALYZER_NONNULL = YES;
				CLANG_ANALYZER_NUMBER_OBJECT_CONVERSION = YES_AGGRESSIVE;
				CLANG_CXX_LANGUAGE_STANDARD = "gnu++17";
				CLANG_ENABLE_MODULES = YES;
				CLANG_ENABLE_OBJC_ARC = YES;
				CLANG_ENABLE_OBJC_WEAK = YES;
				CLANG_WARN_BLOCK_CAPTURE_AUTORELEASING = YES;
				CLANG_WARN_BOOL_CONVERSION = YES;
				CLANG_WARN_COMMA = YES;
				CLANG_WARN_CONSTANT_CONVERSION = YES;
				CLANG_WARN_DEPRECATED_OBJC_IMPLEMENTATIONS = YES;
				CLANG_WARN_DIRECT_OBJC_ISA_USAGE = YES_ERROR;
				CLANG_WARN_DOCUMENTATION_COMMENTS = YES;
				CLANG_WARN_EMPTY_BODY = YES;
				CLANG_WARN_ENUM_CONVERSION = YES;
				CLANG_WARN_INFINITE_RECURSION = YES;
				CLANG_WARN_INT_CONVERSION = YES;
				CLANG_WARN_NON_LITERAL_NULL_CONVERSION = YES;
				CLANG_WARN_OBJC_IMPLICIT_RETAIN_SELF = YES;
				CLANG_WARN_OBJC_LITERAL_CONVERSION = YES;
				CLANG_WARN_OBJC_ROOT_CLASS = YES_ERROR;
				CLANG_WARN_QUOTED_INCLUDE_IN_FRAMEWORK_HEADER = YES;
				CLANG_WARN_RANGE_LOOP_ANALYSIS = YES;
				CLANG_WARN_STRICT_PROTOTYPES = YES;
				CLANG_WARN_SUSPICIOUS_MOVE = YES;
				CLANG_WARN_UNGUARDED_AVAILABILITY = YES_AGGRESSIVE;
				CLANG_WARN_UNREACHABLE_CODE = YES;
				CLANG_WARN__DUPLICATE_METHOD_MATCH = YES;
				COPY_PHASE_STRIP = NO;
				DEBUG_INFORMATION_FORMAT = dwarf;
				ENABLE_STRICT_OBJC_MSGSEND = YES;
				ENABLE_TESTABILITY = YES;
				GCC_C_LANGUAGE_STANDARD = gnu11;
				GCC_DYNAMIC_NO_PIC = NO;
				GCC_NO_COMMON_BLOCKS = YES;
				GCC_OPTIMIZATION_LEVEL = 0;
				GCC_PREPROCESSOR_DEFINITIONS = (
					"DEBUG=1",
					"$(inherited)",
				);
				GCC_WARN_64_TO_32_BIT_CONVERSION = YES;
				GCC_WARN_ABOUT_RETURN_TYPE = YES_ERROR;
				GCC_WARN_UNDECLARED_SELECTOR = YES;
				GCC_WARN_UNINITIALIZED_AUTOS = YES_AGGRESSIVE;
				GCC_WARN_UNUSED_FUNCTION = YES;
				GCC_WARN_UNUSED_VARIABLE = YES;
				IPHONEOS_DEPLOYMENT_TARGET = 15.5;
				MTL_ENABLE_DEBUG_INFO = INCLUDE_SOURCE;
				MTL_FAST_MATH = YES;
				ONLY_ACTIVE_ARCH = YES;
				SDKROOT = iphoneos;
			};
			name = Debug;
		};
		966289BF28783B6600342EA3 /* Release */ = {
			isa = XCBuildConfiguration;
			buildSettings = {
				ALWAYS_SEARCH_USER_PATHS = NO;
				CLANG_ANALYZER_NONNULL = YES;
				CLANG_ANALYZER_NUMBER_OBJECT_CONVERSION = YES_AGGRESSIVE;
				CLANG_CXX_LANGUAGE_STANDARD = "gnu++17";
				CLANG_ENABLE_MODULES = YES;
				CLANG_ENABLE_OBJC_ARC = YES;
				CLANG_ENABLE_OBJC_WEAK = YES;
				CLANG_WARN_BLOCK_CAPTURE_AUTORELEASING = YES;
				CLANG_WARN_BOOL_CONVERSION = YES;
				CLANG_WARN_COMMA = YES;
				CLANG_WARN_CONSTANT_CONVERSION = YES;
				CLANG_WARN_DEPRECATED_OBJC_IMPLEMENTATIONS = YES;
				CLANG_WARN_DIRECT_OBJC_ISA_USAGE = YES_ERROR;
				CLANG_WARN_DOCUMENTATION_COMMENTS = YES;
				CLANG_WARN_EMPTY_BODY = YES;
				CLANG_WARN_ENUM_CONVERSION = YES;
				CLANG_WARN_INFINITE_RECURSION = YES;
				CLANG_WARN_INT_CONVERSION = YES;
				CLANG_WARN_NON_LITERAL_NULL_CONVERSION = YES;
				CLANG_WARN_OBJC_IMPLICIT_RETAIN_SELF = YES;
				CLANG_WARN_OBJC_LITERAL_CONVERSION = YES;
				CLANG_WARN_OBJC_ROOT_CLASS = YES_ERROR;
				CLANG_WARN_QUOTED_INCLUDE_IN_FRAMEWORK_HEADER = YES;
				CLANG_WARN_RANGE_LOOP_ANALYSIS = YES;
				CLANG_WARN_STRICT_PROTOTYPES = YES;
				CLANG_WARN_SUSPICIOUS_MOVE = YES;
				CLANG_WARN_UNGUARDED_AVAILABILITY = YES_AGGRESSIVE;
				CLANG_WARN_UNREACHABLE_CODE = YES;
				CLANG_WARN__DUPLICATE_METHOD_MATCH = YES;
				COPY_PHASE_STRIP = NO;
				DEBUG_INFORMATION_FORMAT = "dwarf-with-dsym";
				ENABLE_NS_ASSERTIONS = NO;
				ENABLE_STRICT_OBJC_MSGSEND = YES;
				GCC_C_LANGUAGE_STANDARD = gnu11;
				GCC_NO_COMMON_BLOCKS = YES;
				GCC_WARN_64_TO_32_BIT_CONVERSION = YES;
				GCC_WARN_ABOUT_RETURN_TYPE = YES_ERROR;
				GCC_WARN_UNDECLARED_SELECTOR = YES;
				GCC_WARN_UNINITIALIZED_AUTOS = YES_AGGRESSIVE;
				GCC_WARN_UNUSED_FUNCTION = YES;
				GCC_WARN_UNUSED_VARIABLE = YES;
				IPHONEOS_DEPLOYMENT_TARGET = 15.5;
				MTL_ENABLE_DEBUG_INFO = NO;
				MTL_FAST_MATH = YES;
				SDKROOT = iphoneos;
				VALIDATE_PRODUCT = YES;
			};
			name = Release;
		};
		966289C128783B6600342EA3 /* Debug */ = {
			isa = XCBuildConfiguration;
			buildSettings = {
				ASSETCATALOG_COMPILER_APPICON_NAME = AppIcon;
				ASSETCATALOG_COMPILER_GLOBAL_ACCENT_COLOR_NAME = AccentColor;
				CODE_SIGN_STYLE = Automatic;
				CURRENT_PROJECT_VERSION = 1;
				GENERATE_INFOPLIST_FILE = YES;
				INFOPLIST_FILE = CCOperationQueueDemo/Info.plist;
				INFOPLIST_KEY_UIApplicationSupportsIndirectInputEvents = YES;
				INFOPLIST_KEY_UILaunchStoryboardName = LaunchScreen;
				INFOPLIST_KEY_UIMainStoryboardFile = Main;
				INFOPLIST_KEY_UISupportedInterfaceOrientations_iPad = "UIInterfaceOrientationPortrait UIInterfaceOrientationPortraitUpsideDown UIInterfaceOrientationLandscapeLeft UIInterfaceOrientationLandscapeRight";
				INFOPLIST_KEY_UISupportedInterfaceOrientations_iPhone = "UIInterfaceOrientationPortrait UIInterfaceOrientationLandscapeLeft UIInterfaceOrientationLandscapeRight";
				LD_RUNPATH_SEARCH_PATHS = (
					"$(inherited)",
					"@executable_path/Frameworks",
				);
				MARKETING_VERSION = 1.0;
				PRODUCT_BUNDLE_IDENTIFIER = com.Carven.CCOperationQueueDemo;
				PRODUCT_NAME = "$(TARGET_NAME)";
				SWIFT_EMIT_LOC_STRINGS = YES;
				TARGETED_DEVICE_FAMILY = "1,2";
			};
			name = Debug;
		};
		966289C228783B6600342EA3 /* Release */ = {
			isa = XCBuildConfiguration;
			buildSettings = {
				ASSETCATALOG_COMPILER_APPICON_NAME = AppIcon;
				ASSETCATALOG_COMPILER_GLOBAL_ACCENT_COLOR_NAME = AccentColor;
				CODE_SIGN_STYLE = Automatic;
				CURRENT_PROJECT_VERSION = 1;
				GENERATE_INFOPLIST_FILE = YES;
				INFOPLIST_FILE = CCOperationQueueDemo/Info.plist;
				INFOPLIST_KEY_UIApplicationSupportsIndirectInputEvents = YES;
				INFOPLIST_KEY_UILaunchStoryboardName = LaunchScreen;
				INFOPLIST_KEY_UIMainStoryboardFile = Main;
				INFOPLIST_KEY_UISupportedInterfaceOrientations_iPad = "UIInterfaceOrientationPortrait UIInterfaceOrientationPortraitUpsideDown UIInterfaceOrientationLandscapeLeft UIInterfaceOrientationLandscapeRight";
				INFOPLIST_KEY_UISupportedInterfaceOrientations_iPhone = "UIInterfaceOrientationPortrait UIInterfaceOrientationLandscapeLeft UIInterfaceOrientationLandscapeRight";
				LD_RUNPATH_SEARCH_PATHS = (
					"$(inherited)",
					"@executable_path/Frameworks",
				);
				MARKETING_VERSION = 1.0;
				PRODUCT_BUNDLE_IDENTIFIER = com.Carven.CCOperationQueueDemo;
				PRODUCT_NAME = "$(TARGET_NAME)";
				SWIFT_EMIT_LOC_STRINGS = YES;
				TARGETED_DEVICE_FAMILY = "1,2";
			};
			name = Release;
		};
		966289C428783B6600342EA3 /* Debug */ = {
			isa = XCBuildConfiguration;
			buildSettings = {
				BUNDLE_LOADER = "$(TEST_HOST)";
				CODE_SIGN_STYLE = Automatic;
				CURRENT_PROJECT_VERSION = 1;
				GENERATE_INFOPLIST_FILE = YES;
				IPHONEOS_DEPLOYMENT_TARGET = 15.5;
				MARKETING_VERSION = 1.0;
				PRODUCT_BUNDLE_IDENTIFIER = com.Carven.CCOperationQueueDemoTests;
				PRODUCT_NAME = "$(TARGET_NAME)";
				SWIFT_EMIT_LOC_STRINGS = NO;
				TARGETED_DEVICE_FAMILY = "1,2";
				TEST_HOST = "$(BUILT_PRODUCTS_DIR)/CCOperationQueueDemo.app/CCOperationQueueDemo";
			};
			name = Debug;
		};
		966289C528783B6600342EA3 /* Release */ = {
			isa = XCBuildConfiguration;
			buildSettings = {
				BUNDLE_LOADER = "$(TEST_HOST)";
				CODE_SIGN_STYLE = Automatic;
				CURRENT_PROJECT_VERSION = 1;
				GENERATE_INFOPLIST_FILE = YES;
				IPHONEOS_DEPLOYMENT_TARGET = 15.5;
				MARKETING_VERSION = 1.0;
				PRODUCT_BUNDLE_IDENTIFIER = com.Carven.CCOperationQueueDemoTests;
				PRODUCT_NAME = "$(TARGET_NAME)";
				SWIFT_EMIT_LOC_STRINGS = NO;
				TARGETED_DEVICE_FAMILY = "1,2";
				TEST_HOST = "$(BUILT_PRODUCTS_DIR)/CCOperationQueueDemo.app/CCOperationQueueDemo";
			};
			name = Release;
		};
		966289C728783B6600342EA3 /* Debug */ = {
			isa = XCBuildConfiguration;
			buildSettings = {
				CODE_SIGN_STYLE = Automatic;
				CURRENT_PROJECT_VERSION = 1;
				GENERATE_INFOPLIST_FILE = YES;
				MARKETING_VERSION = 1.0;
				PRODUCT_BUNDLE_IDENTIFIER = com.Carven.CCOperationQueueDemoUITests;
				PRODUCT_NAME = "$(TARGET_NAME)";
				SWIFT_EMIT_LOC_STRINGS = NO;
				TARGETED_DEVICE_FAMILY = "1,2";
				TEST_TARGET_NAME = CCOperationQueueDemo;
			};
			name = Debug;
		};
		966289C828783B6600342EA3 /* Release */ = {
			isa = XCBuildConfiguration;
			buildSettings = {
				CODE_SIGN_STYLE = Automatic;
				CURRENT_PROJECT_VERSION = 1;
				GENERATE_INFOPLIST_FILE = YES;
				MARKETING_VERSION = 1.0;
				PRODUCT_BUNDLE_IDENTIFIER = com.Carven.CCOperationQueueDemoUITests;
				PRODUCT_NAME = "$(TARGET_NAME)";
				SWIFT_EMIT_LOC_STRINGS = NO;
				TARGETED_DEVICE_FAMILY = "1,2";
				TEST_TARGET_NAME = CCOperationQueueDemo;
			};
			name = Release;
		};
/* End XCBuildConfiguration section */

/* Begin XCConfigurationList section */
		9662898C28783B6600342EA3 /* Build configuration list for PBXProject "CCOperationQueueDemo" */ = {
			isa = XCConfigurationList;
			buildConfigurations = (
				966289BE28783B6600342EA3 /* Debug */,
				966289BF28783B6600342EA3 /* Release */,
			);
			defaultConfigurationIsVisible = 0;
			defaultConfigurationName = Release;
		};
		966289C028783B6600342EA3 /* Build configuration list for PBXNativeTarget "CCOperationQueueDemo" */ = {
			isa = XCConfigurationList;
			buildConfigurations = (
				966289C128783B6600342EA3 /* Debug */,
				966289C228783B6600342EA3 /* Release */,
			);
			defaultConfigurationIsVisible = 0;
			defaultConfigurationName = Release;
		};
		966289C328783B6600342EA3 /* Build configuration list for PBXNativeTarget "CCOperationQueueDemoTests" */ = {
			isa = XCConfigurationList;
			buildConfigurations = (
				966289C428783B6600342EA3 /* Debug */,
				966289C528783B6600342EA3 /* Release */,
			);
			defaultConfigurationIsVisible = 0;
			defaultConfigurationName = Release;
		};
		966289C628783B6600342EA3 /* Build configuration list for PBXNativeTarget "CCOperationQueueDemoUITests" */ = {
			isa = XCConfigurationList;
			buildConfigurations = (
				966289C728783B6600342EA3 /* Debug */,
				966289C828783B6600342EA3 /* Release */,
			);
			defaultConfigurationIsVisible = 0;
			defaultConfigurationName = Release;
		};
/* End XCConfigurationList section */
	};
	rootObject = 9662898928783B6600342EA3 /* Project object */;
}
